
Microsoft Visual Studio Solution File, Format Version 12.00
# Visual Studio Version 16
VisualStudioVersion = 16.0.31112.23
MinimumVisualStudioVersion = 10.0.40219.1
Project("{9A19103F-16F7-4668-BE54-9A1E7A4F7556}") = "1-Strategy", "1-Strategy\1-Strategy.csproj", "{899E650A-C667-412D-A00B-EDEB9195EFFE}"
EndProject
Project("{FAE04EC0-301F-11D3-BF4B-00C04F79EFBC}") = "2-Observer", "2-Observer\2-Observer.csproj", "{25142353-AA4B-437D-8A00-BDDB21E97E67}"
EndProject
Global
	GlobalSection(SolutionConfigurationPlatforms) = preSolution
		Debug|Any CPU = Debug|Any CPU
		Release|Any CPU = Release|Any CPU
	EndGlobalSection
	GlobalSection(ProjectConfigurationPlatforms) = postSolution
		{899E650A-C667-412D-A00B-EDEB9195EFFE}.Debug|Any CPU.ActiveCfg = Debug|Any CPU
		{899E650A-C667-412D-A00B-EDEB9195EFFE}.Debug|Any CPU.Build.0 = Debug|Any CPU
		{899E650A-C667-412D-A00B-EDEB9195EFFE}.Release|Any CPU.ActiveCfg = Release|Any CPU
		{899E650A-C667-412D-A00B-EDEB9195EFFE}.Release|Any CPU.Build.0 = Release|Any CPU
		{25142353-AA4B-437D-8A00-BDDB21E97E67}.Debug|Any CPU.ActiveCfg = Debug|Any CPU
		{25142353-AA4B-437D-8A00-BDDB21E97E67}.Debug|Any CPU.Build.0 = Debug|Any CPU
		{25142353-AA4B-437D-8A00-BDDB21E97E67}.Release|Any CPU.ActiveCfg = Release|Any CPU
		{25142353-AA4B-437D-8A00-BDDB21E97E67}.Release|Any CPU.Build.0 = Release|Any CPU
	EndGlobalSection
	GlobalSection(SolutionProperties) = preSolution
		HideSolutionNode = FALSE
	EndGlobalSection
	GlobalSection(ExtensibilityGlobals) = postSolution
		SolutionGuid = {E0ABF75E-43B2-41AC-A3EB-F9AFE826CF03}
	EndGlobalSection
EndGlobal
